
Microsoft Visual Studio Solution File, Format Version 12.00
# Visual Studio Version 17
VisualStudioVersion = 17.6.33829.357
MinimumVisualStudioVersion = 10.0.40219.1
Project("{9A19103F-16F7-4668-BE54-9A1E7A4F7556}") = "Server Blazor App", "#Training Api & Blazor Users\Server Blazor App.csproj", "{2C16B09D-7373-498C-902F-1B41DF7C435D}"
EndProject
Project("{9A19103F-16F7-4668-BE54-9A1E7A4F7556}") = "TaskFormUtenteGenericoApiWEB", "..\..\to 10.23\TaskFormUtenteGenericoApiWEB\TaskFormUtenteGenericoApiWEB\TaskFormUtenteGenericoApiWEB.csproj", "{380D209F-6232-478F-96B9-582DD5836CF4}"
EndProject
Project("{2150E333-8FDC-42A3-9474-1A3956D46DE8}") = "Elementi di soluzione", "Elementi di soluzione", "{8849FB11-DCBB-4FCA-B44C-736884B34794}"
	ProjectSection(SolutionItems) = preProject
		.gitignore = .gitignore
		tasks.txt = tasks.txt
	EndProjectSection
EndProject
Project("{FAE04EC0-301F-11D3-BF4B-00C04F79EFBC}") = "RisorseCondivise", "RisorseCondivise\RisorseCondivise.csproj", "{53D3E5B2-BFB0-40D2-8FC8-100C07154CC8}"
EndProject
Global
	GlobalSection(SolutionConfigurationPlatforms) = preSolution
		Debug|Any CPU = Debug|Any CPU
		Release|Any CPU = Release|Any CPU
	EndGlobalSection
	GlobalSection(ProjectConfigurationPlatforms) = postSolution
		{2C16B09D-7373-498C-902F-1B41DF7C435D}.Debug|Any CPU.ActiveCfg = Debug|Any CPU
		{2C16B09D-7373-498C-902F-1B41DF7C435D}.Debug|Any CPU.Build.0 = Debug|Any CPU
		{2C16B09D-7373-498C-902F-1B41DF7C435D}.Release|Any CPU.ActiveCfg = Release|Any CPU
		{2C16B09D-7373-498C-902F-1B41DF7C435D}.Release|Any CPU.Build.0 = Release|Any CPU
		{380D209F-6232-478F-96B9-582DD5836CF4}.Debug|Any CPU.ActiveCfg = Debug|Any CPU
		{380D209F-6232-478F-96B9-582DD5836CF4}.Debug|Any CPU.Build.0 = Debug|Any CPU
		{380D209F-6232-478F-96B9-582DD5836CF4}.Release|Any CPU.ActiveCfg = Release|Any CPU
		{380D209F-6232-478F-96B9-582DD5836CF4}.Release|Any CPU.Build.0 = Release|Any CPU
		{53D3E5B2-BFB0-40D2-8FC8-100C07154CC8}.Debug|Any CPU.ActiveCfg = Debug|Any CPU
		{53D3E5B2-BFB0-40D2-8FC8-100C07154CC8}.Debug|Any CPU.Build.0 = Debug|Any CPU
		{53D3E5B2-BFB0-40D2-8FC8-100C07154CC8}.Release|Any CPU.ActiveCfg = Release|Any CPU
		{53D3E5B2-BFB0-40D2-8FC8-100C07154CC8}.Release|Any CPU.Build.0 = Release|Any CPU
	EndGlobalSection
	GlobalSection(SolutionProperties) = preSolution
		HideSolutionNode = FALSE
	EndGlobalSection
	GlobalSection(ExtensibilityGlobals) = postSolution
		SolutionGuid = {84E3EDA1-4798-4FCC-ADD1-7756B03C8C5D}
	EndGlobalSection
EndGlobal
